
Microsoft Visual Studio Solution File, Format Version 12.00
# Visual Studio Version 16
VisualStudioVersion = 16.0.30503.244
MinimumVisualStudioVersion = 10.0.40219.1
Project("{FAE04EC0-301F-11D3-BF4B-00C04F79EFBC}") = "CustomWebService", "CustomWebService\CustomWebService.csproj", "{DCB7A27D-1051-4DAC-9720-DED052EEF243}"
EndProject
Global
	GlobalSection(SolutionConfigurationPlatforms) = preSolution
		Debug|Any CPU = Debug|Any CPU
		Release|Any CPU = Release|Any CPU
	EndGlobalSection
	GlobalSection(ProjectConfigurationPlatforms) = postSolution
		{DCB7A27D-1051-4DAC-9720-DED052EEF243}.Debug|Any CPU.ActiveCfg = Debug|Any CPU
		{DCB7A27D-1051-4DAC-9720-DED052EEF243}.Debug|Any CPU.Build.0 = Debug|Any CPU
		{DCB7A27D-1051-4DAC-9720-DED052EEF243}.Release|Any CPU.ActiveCfg = Release|Any CPU
		{DCB7A27D-1051-4DAC-9720-DED052EEF243}.Release|Any CPU.Build.0 = Release|Any CPU
	EndGlobalSection
	GlobalSection(SolutionProperties) = preSolution
		HideSolutionNode = FALSE
	EndGlobalSection
	GlobalSection(ExtensibilityGlobals) = postSolution
		SolutionGuid = {9A08D2A6-E021-42A6-B600-A3C5A67F9A4A}
	EndGlobalSection
EndGlobal
